
Microsoft Visual Studio Solution File, Format Version 12.00
# Visual Studio Version 17
VisualStudioVersion = 17.6.33723.286
MinimumVisualStudioVersion = 10.0.40219.1
Project("{FAE04EC0-301F-11D3-BF4B-00C04F79EFBC}") = "РЖД Нарядчики", "РЖД Нарядчики\РЖД Нарядчики.csproj", "{3C0B48AC-2D96-414C-9CC7-24E4D4832709}"
EndProject
Global
	GlobalSection(SolutionConfigurationPlatforms) = preSolution
		Debug|Any CPU = Debug|Any CPU
		Release|Any CPU = Release|Any CPU
	EndGlobalSection
	GlobalSection(ProjectConfigurationPlatforms) = postSolution
		{3C0B48AC-2D96-414C-9CC7-24E4D4832709}.Debug|Any CPU.ActiveCfg = Debug|Any CPU
		{3C0B48AC-2D96-414C-9CC7-24E4D4832709}.Debug|Any CPU.Build.0 = Debug|Any CPU
		{3C0B48AC-2D96-414C-9CC7-24E4D4832709}.Release|Any CPU.ActiveCfg = Release|Any CPU
		{3C0B48AC-2D96-414C-9CC7-24E4D4832709}.Release|Any CPU.Build.0 = Release|Any CPU
	EndGlobalSection
	GlobalSection(SolutionProperties) = preSolution
		HideSolutionNode = FALSE
	EndGlobalSection
	GlobalSection(ExtensibilityGlobals) = postSolution
		SolutionGuid = {4D43E316-5CA5-407D-BEAE-2A448DD766E6}
	EndGlobalSection
EndGlobal
